
Microsoft Visual Studio Solution File, Format Version 12.00
# Visual Studio Version 16
VisualStudioVersion = 16.0.31019.35
MinimumVisualStudioVersion = 10.0.40219.1
Project("{FAE04EC0-301F-11D3-BF4B-00C04F79EFBC}") = "LewandowskiA6CR", "LewandowskiA6CR\LewandowskiA6CR.csproj", "{130BB55C-4477-4484-AB6E-931289B3E1C6}"
EndProject
Global
	GlobalSection(SolutionConfigurationPlatforms) = preSolution
		Debug|Any CPU = Debug|Any CPU
		Release|Any CPU = Release|Any CPU
	EndGlobalSection
	GlobalSection(ProjectConfigurationPlatforms) = postSolution
		{130BB55C-4477-4484-AB6E-931289B3E1C6}.Debug|Any CPU.ActiveCfg = Debug|Any CPU
		{130BB55C-4477-4484-AB6E-931289B3E1C6}.Debug|Any CPU.Build.0 = Debug|Any CPU
		{130BB55C-4477-4484-AB6E-931289B3E1C6}.Release|Any CPU.ActiveCfg = Release|Any CPU
		{130BB55C-4477-4484-AB6E-931289B3E1C6}.Release|Any CPU.Build.0 = Release|Any CPU
	EndGlobalSection
	GlobalSection(SolutionProperties) = preSolution
		HideSolutionNode = FALSE
	EndGlobalSection
	GlobalSection(ExtensibilityGlobals) = postSolution
		SolutionGuid = {9C4EF9AE-494F-43A4-8D81-18E871CBF8AD}
	EndGlobalSection
EndGlobal
